
Microsoft Visual Studio Solution File, Format Version 12.00
# Visual Studio Version 17
VisualStudioVersion = 17.5.002.0
MinimumVisualStudioVersion = 10.0.40219.1
Project("{9A19103F-16F7-4668-BE54-9A1E7A4F7556}") = "SCERS_RAP", "SCERS_RAP.csproj", "{F9BFC7DE-5E42-4852-BAF4-55CFD4811ADE}"
EndProject
Global
	GlobalSection(SolutionConfigurationPlatforms) = preSolution
		Debug|Any CPU = Debug|Any CPU
		Release|Any CPU = Release|Any CPU
	EndGlobalSection
	GlobalSection(ProjectConfigurationPlatforms) = postSolution
		{F9BFC7DE-5E42-4852-BAF4-55CFD4811ADE}.Debug|Any CPU.ActiveCfg = Debug|Any CPU
		{F9BFC7DE-5E42-4852-BAF4-55CFD4811ADE}.Debug|Any CPU.Build.0 = Debug|Any CPU
		{F9BFC7DE-5E42-4852-BAF4-55CFD4811ADE}.Release|Any CPU.ActiveCfg = Release|Any CPU
		{F9BFC7DE-5E42-4852-BAF4-55CFD4811ADE}.Release|Any CPU.Build.0 = Release|Any CPU
	EndGlobalSection
	GlobalSection(SolutionProperties) = preSolution
		HideSolutionNode = FALSE
	EndGlobalSection
	GlobalSection(ExtensibilityGlobals) = postSolution
		SolutionGuid = {8F60146E-D9D5-4BB7-B65B-193CB74003A5}
	EndGlobalSection
EndGlobal
